// !$*UTF8*$!
{
	archiveVersion = 1;
	classes = {
	};
	objectVersion = 46;
	objects = {

/* Begin PBXBuildFile section */
		A81EA7461CA5DA31002949CE /* AppDelegate.swift in Sources */ = {isa = PBXBuildFile; fileRef = A81EA7451CA5DA31002949CE /* AppDelegate.swift */; };
		A81EA74D1CA5DA31002949CE /* Main.storyboard in Resources */ = {isa = PBXBuildFile; fileRef = A81EA74B1CA5DA31002949CE /* Main.storyboard */; };
		A81EA74F1CA5DA31002949CE /* Assets.xcassets in Resources */ = {isa = PBXBuildFile; fileRef = A81EA74E1CA5DA31002949CE /* Assets.xcassets */; };
		A81EA7521CA5DA31002949CE /* LaunchScreen.storyboard in Resources */ = {isa = PBXBuildFile; fileRef = A81EA7501CA5DA31002949CE /* LaunchScreen.storyboard */; };
		A81EA75A1CA5DC23002949CE /* MapViewController.swift in Sources */ = {isa = PBXBuildFile; fileRef = A81EA7591CA5DC23002949CE /* MapViewController.swift */; };
		A81EA75C1CA5DC37002949CE /* ListViewController.swift in Sources */ = {isa = PBXBuildFile; fileRef = A81EA75B1CA5DC37002949CE /* ListViewController.swift */; };
		A81EA75E1CA5DC6D002949CE /* DetailViewController.swift in Sources */ = {isa = PBXBuildFile; fileRef = A81EA75D1CA5DC6D002949CE /* DetailViewController.swift */; };
		A81EA7621CA5E788002949CE /* MapKit.framework in Frameworks */ = {isa = PBXBuildFile; fileRef = A81EA7611CA5E788002949CE /* MapKit.framework */; };
		A81EA7661CA60188002949CE /* TableViewCell.swift in Sources */ = {isa = PBXBuildFile; fileRef = A81EA7651CA60188002949CE /* TableViewCell.swift */; };
		A8796D42223F4977005B251C /* Divvy.swift in Sources */ = {isa = PBXBuildFile; fileRef = A81EA75F1CA5E20B002949CE /* Divvy.swift */; };
		A8796D44223F5794005B251C /* Response.swift in Sources */ = {isa = PBXBuildFile; fileRef = A8796D43223F5794005B251C /* Response.swift */; };
		A8796D46223F5959005B251C /* WebService.swift in Sources */ = {isa = PBXBuildFile; fileRef = A8796D45223F5959005B251C /* WebService.swift */; };
		A8796D4C22433022005B251C /* IntExtension.swift in Sources */ = {isa = PBXBuildFile; fileRef = A8796D4B22433022005B251C /* IntExtension.swift */; };
		A8796D4E22434681005B251C /* DoubleExtension.swift in Sources */ = {isa = PBXBuildFile; fileRef = A8796D4D22434681005B251C /* DoubleExtension.swift */; };
		A8796D5022467FCD005B251C /* AlertController.swift in Sources */ = {isa = PBXBuildFile; fileRef = A8796D4F22467FCC005B251C /* AlertController.swift */; };
/* End PBXBuildFile section */

/* Begin PBXFileReference section */
		A81EA7421CA5DA31002949CE /* BikeFindr.app */ = {isa = PBXFileReference; explicitFileType = wrapper.application; includeInIndex = 0; path = BikeFindr.app; sourceTree = BUILT_PRODUCTS_DIR; };
		A81EA7451CA5DA31002949CE /* AppDelegate.swift */ = {isa = PBXFileReference; lastKnownFileType = sourcecode.swift; path = AppDelegate.swift; sourceTree = "<group>"; };
		A81EA74C1CA5DA31002949CE /* Base */ = {isa = PBXFileReference; lastKnownFileType = file.storyboard; name = Base; path = Base.lproj/Main.storyboard; sourceTree = "<group>"; };
		A81EA74E1CA5DA31002949CE /* Assets.xcassets */ = {isa = PBXFileReference; lastKnownFileType = folder.assetcatalog; path = Assets.xcassets; sourceTree = "<group>"; };
		A81EA7511CA5DA31002949CE /* Base */ = {isa = PBXFileReference; lastKnownFileType = file.storyboard; name = Base; path = Base.lproj/LaunchScreen.storyboard; sourceTree = "<group>"; };
		A81EA7531CA5DA31002949CE /* Info.plist */ = {isa = PBXFileReference; lastKnownFileType = text.plist.xml; path = Info.plist; sourceTree = "<group>"; };
		A81EA7591CA5DC23002949CE /* MapViewController.swift */ = {isa = PBXFileReference; fileEncoding = 4; lastKnownFileType = sourcecode.swift; path = MapViewController.swift; sourceTree = "<group>"; };
		A81EA75B1CA5DC37002949CE /* ListViewController.swift */ = {isa = PBXFileReference; fileEncoding = 4; lastKnownFileType = sourcecode.swift; path = ListViewController.swift; sourceTree = "<group>"; };
		A81EA75D1CA5DC6D002949CE /* DetailViewController.swift */ = {isa = PBXFileReference; fileEncoding = 4; lastKnownFileType = sourcecode.swift; path = DetailViewController.swift; sourceTree = "<group>"; };
		A81EA75F1CA5E20B002949CE /* Divvy.swift */ = {isa = PBXFileReference; fileEncoding = 4; lastKnownFileType = sourcecode.swift; path = Divvy.swift; sourceTree = "<group>"; };
		A81EA7611CA5E788002949CE /* MapKit.framework */ = {isa = PBXFileReference; lastKnownFileType = wrapper.framework; name = MapKit.framework; path = System/Library/Frameworks/MapKit.framework; sourceTree = SDKROOT; };
		A81EA7651CA60188002949CE /* TableViewCell.swift */ = {isa = PBXFileReference; fileEncoding = 4; lastKnownFileType = sourcecode.swift; path = TableViewCell.swift; sourceTree = "<group>"; };
		A8796D43223F5794005B251C /* Response.swift */ = {isa = PBXFileReference; lastKnownFileType = sourcecode.swift; path = Response.swift; sourceTree = "<group>"; };
		A8796D45223F5959005B251C /* WebService.swift */ = {isa = PBXFileReference; lastKnownFileType = sourcecode.swift; path = WebService.swift; sourceTree = "<group>"; };
		A8796D4B22433022005B251C /* IntExtension.swift */ = {isa = PBXFileReference; lastKnownFileType = sourcecode.swift; path = IntExtension.swift; sourceTree = "<group>"; };
		A8796D4D22434681005B251C /* DoubleExtension.swift */ = {isa = PBXFileReference; lastKnownFileType = sourcecode.swift; path = DoubleExtension.swift; sourceTree = "<group>"; };
		A8796D4F22467FCC005B251C /* AlertController.swift */ = {isa = PBXFileReference; lastKnownFileType = sourcecode.swift; path = AlertController.swift; sourceTree = "<group>"; };
/* End PBXFileReference section */

/* Begin PBXFrameworksBuildPhase section */
		A81EA73F1CA5DA31002949CE /* Frameworks */ = {
			isa = PBXFrameworksBuildPhase;
			buildActionMask = 2147483647;
			files = (
				A81EA7621CA5E788002949CE /* MapKit.framework in Frameworks */,
			);
			runOnlyForDeploymentPostprocessing = 0;
		};
/* End PBXFrameworksBuildPhase section */

/* Begin PBXGroup section */
		A81EA7391CA5DA31002949CE = {
			isa = PBXGroup;
			children = (
				A81EA7611CA5E788002949CE /* MapKit.framework */,
				A81EA7441CA5DA31002949CE /* BikeFindr */,
				A81EA7431CA5DA31002949CE /* Products */,
			);
			sourceTree = "<group>";
		};
		A81EA7431CA5DA31002949CE /* Products */ = {
			isa = PBXGroup;
			children = (
				A81EA7421CA5DA31002949CE /* BikeFindr.app */,
			);
			name = Products;
			sourceTree = "<group>";
		};
		A81EA7441CA5DA31002949CE /* BikeFindr */ = {
			isa = PBXGroup;
			children = (
				A8796D40223F31C1005B251C /* Model */,
				A8796D3F223F31B6005B251C /* View */,
				A8796D3E223F31AD005B251C /* Controller */,
				A8B08CCE223F2E3A002626A5 /* Support Files */,
				A81EA7531CA5DA31002949CE /* Info.plist */,
			);
			path = BikeFindr;
			sourceTree = "<group>";
		};
		A8796D3E223F31AD005B251C /* Controller */ = {
			isa = PBXGroup;
			children = (
				A81EA7591CA5DC23002949CE /* MapViewController.swift */,
				A81EA75B1CA5DC37002949CE /* ListViewController.swift */,
				A81EA75D1CA5DC6D002949CE /* DetailViewController.swift */,
				A8796D4F22467FCC005B251C /* AlertController.swift */,
			);
			path = Controller;
			sourceTree = "<group>";
		};
		A8796D3F223F31B6005B251C /* View */ = {
			isa = PBXGroup;
			children = (
				A81EA7651CA60188002949CE /* TableViewCell.swift */,
				A81EA74B1CA5DA31002949CE /* Main.storyboard */,
			);
			path = View;
			sourceTree = "<group>";
		};
		A8796D40223F31C1005B251C /* Model */ = {
			isa = PBXGroup;
			children = (
				A81EA75F1CA5E20B002949CE /* Divvy.swift */,
				A8796D43223F5794005B251C /* Response.swift */,
				A8796D45223F5959005B251C /* WebService.swift */,
				A8796D4B22433022005B251C /* IntExtension.swift */,
				A8796D4D22434681005B251C /* DoubleExtension.swift */,
			);
			path = Model;
			sourceTree = "<group>";
		};
		A8B08CCE223F2E3A002626A5 /* Support Files */ = {
			isa = PBXGroup;
			children = (
				A81EA7451CA5DA31002949CE /* AppDelegate.swift */,
				A81EA74E1CA5DA31002949CE /* Assets.xcassets */,
				A81EA7501CA5DA31002949CE /* LaunchScreen.storyboard */,
			);
			path = "Support Files";
			sourceTree = "<group>";
		};
/* End PBXGroup section */

/* Begin PBXNativeTarget section */
		A81EA7411CA5DA31002949CE /* BikeFindr */ = {
			isa = PBXNativeTarget;
			buildConfigurationList = A81EA7561CA5DA31002949CE /* Build configuration list for PBXNativeTarget "BikeFindr" */;
			buildPhases = (
				A81EA73E1CA5DA31002949CE /* Sources */,
				A81EA73F1CA5DA31002949CE /* Frameworks */,
				A81EA7401CA5DA31002949CE /* Resources */,
			);
			buildRules = (
			);
			dependencies = (
			);
			name = BikeFindr;
			productName = BikeFindr;
			productReference = A81EA7421CA5DA31002949CE /* BikeFindr.app */;
			productType = "com.apple.product-type.application";
		};
/* End PBXNativeTarget section */

/* Begin PBXProject section */
		A81EA73A1CA5DA31002949CE /* Project object */ = {
			isa = PBXProject;
			attributes = {
				LastSwiftUpdateCheck = 0730;
				LastUpgradeCheck = 1010;
				ORGANIZATIONNAME = "Matt Deuschle";
				TargetAttributes = {
					A81EA7411CA5DA31002949CE = {
						CreatedOnToolsVersion = 7.3;
						DevelopmentTeam = 3DKZWJ5854;
						SystemCapabilities = {
							com.apple.Maps.iOS = {
								enabled = 1;
							};
						};
					};
				};
			};
			buildConfigurationList = A81EA73D1CA5DA31002949CE /* Build configuration list for PBXProject "BikeFindr" */;
			compatibilityVersion = "Xcode 3.2";
			developmentRegion = English;
			hasScannedForEncodings = 0;
			knownRegions = (
				en,
				Base,
			);
			mainGroup = A81EA7391CA5DA31002949CE;
			productRefGroup = A81EA7431CA5DA31002949CE /* Products */;
			projectDirPath = "";
			projectRoot = "";
			targets = (
				A81EA7411CA5DA31002949CE /* BikeFindr */,
			);
		};
/* End PBXProject section */

/* Begin PBXResourcesBuildPhase section */
		A81EA7401CA5DA31002949CE /* Resources */ = {
			isa = PBXResourcesBuildPhase;
			buildActionMask = 2147483647;
			files = (
				A81EA7521CA5DA31002949CE /* LaunchScreen.storyboard in Resources */,
				A81EA74F1CA5DA31002949CE /* Assets.xcassets in Resources */,
				A81EA74D1CA5DA31002949CE /* Main.storyboard in Resources */,
			);
			runOnlyForDeploymentPostprocessing = 0;
		};
/* End PBXResourcesBuildPhase section */

/* Begin PBXSourcesBuildPhase section */
		A81EA73E1CA5DA31002949CE /* Sources */ = {
			isa = PBXSourcesBuildPhase;
			buildActionMask = 2147483647;
			files = (
				A8796D4E22434681005B251C /* DoubleExtension.swift in Sources */,
				A81EA7461CA5DA31002949CE /* AppDelegate.swift in Sources */,
				A81EA75A1CA5DC23002949CE /* MapViewController.swift in Sources */,
				A8796D46223F5959005B251C /* WebService.swift in Sources */,
				A81EA75C1CA5DC37002949CE /* ListViewController.swift in Sources */,
				A81EA7661CA60188002949CE /* TableViewCell.swift in Sources */,
				A8796D4C22433022005B251C /* IntExtension.swift in Sources */,
				A8796D42223F4977005B251C /* Divvy.swift in Sources */,
				A8796D5022467FCD005B251C /* AlertController.swift in Sources */,
				A81EA75E1CA5DC6D002949CE /* DetailViewController.swift in Sources */,
				A8796D44223F5794005B251C /* Response.swift in Sources */,
			);
			runOnlyForDeploymentPostprocessing = 0;
		};
/* End PBXSourcesBuildPhase section */

/* Begin PBXVariantGroup section */
		A81EA74B1CA5DA31002949CE /* Main.storyboard */ = {
			isa = PBXVariantGroup;
			children = (
				A81EA74C1CA5DA31002949CE /* Base */,
			);
			name = Main.storyboard;
			sourceTree = "<group>";
		};
		A81EA7501CA5DA31002949CE /* LaunchScreen.storyboard */ = {
			isa = PBXVariantGroup;
			children = (
				A81EA7511CA5DA31002949CE /* Base */,
			);
			name = LaunchScreen.storyboard;
			sourceTree = "<group>";
		};
/* End PBXVariantGroup section */

/* Begin XCBuildConfiguration section */
		A81EA7541CA5DA31002949CE /* Debug */ = {
			isa = XCBuildConfiguration;
			buildSettings = {
				ALWAYS_SEARCH_USER_PATHS = NO;
				CLANG_ANALYZER_NONNULL = YES;
				CLANG_CXX_LANGUAGE_STANDARD = "gnu++0x";
				CLANG_CXX_LIBRARY = "libc++";
				CLANG_ENABLE_MODULES = YES;
				CLANG_ENABLE_OBJC_ARC = YES;
				CLANG_WARN_BLOCK_CAPTURE_AUTORELEASING = YES;
				CLANG_WARN_BOOL_CONVERSION = YES;
				CLANG_WARN_COMMA = YES;
				CLANG_WARN_CONSTANT_CONVERSION = YES;
				CLANG_WARN_DEPRECATED_OBJC_IMPLEMENTATIONS = YES;
				CLANG_WARN_DIRECT_OBJC_ISA_USAGE = YES_ERROR;
				CLANG_WARN_EMPTY_BODY = YES;
				CLANG_WARN_ENUM_CONVERSION = YES;
				CLANG_WARN_INFINITE_RECURSION = YES;
				CLANG_WARN_INT_CONVERSION = YES;
				CLANG_WARN_NON_LITERAL_NULL_CONVERSION = YES;
				CLANG_WARN_OBJC_IMPLICIT_RETAIN_SELF = YES;
				CLANG_WARN_OBJC_LITERAL_CONVERSION = YES;
				CLANG_WARN_OBJC_ROOT_CLASS = YES_ERROR;
				CLANG_WARN_RANGE_LOOP_ANALYSIS = YES;
				CLANG_WARN_STRICT_PROTOTYPES = YES;
				CLANG_WARN_SUSPICIOUS_MOVE = YES;
				CLANG_WARN_UNREACHABLE_CODE = YES;
				CLANG_WARN__DUPLICATE_METHOD_MATCH = YES;
				"CODE_SIGN_IDENTITY[sdk=iphoneos*]" = "iPhone Developer";
				COPY_PHASE_STRIP = NO;
				DEBUG_INFORMATION_FORMAT = dwarf;
				ENABLE_STRICT_OBJC_MSGSEND = YES;
				ENABLE_TESTABILITY = YES;
				GCC_C_LANGUAGE_STANDARD = gnu99;
				GCC_DYNAMIC_NO_PIC = NO;
				GCC_NO_COMMON_BLOCKS = YES;
				GCC_OPTIMIZATION_LEVEL = 0;
				GCC_PREPROCESSOR_DEFINITIONS = (
					"DEBUG=1",
					"$(inherited)",
				);
				GCC_WARN_64_TO_32_BIT_CONVERSION = YES;
				GCC_WARN_ABOUT_RETURN_TYPE = YES_ERROR;
				GCC_WARN_UNDECLARED_SELECTOR = YES;
				GCC_WARN_UNINITIALIZED_AUTOS = YES_AGGRESSIVE;
				GCC_WARN_UNUSED_FUNCTION = YES;
				GCC_WARN_UNUSED_VARIABLE = YES;
				IPHONEOS_DEPLOYMENT_TARGET = 11.0;
				MTL_ENABLE_DEBUG_INFO = YES;
				ONLY_ACTIVE_ARCH = YES;
				SDKROOT = iphoneos;
				SWIFT_OPTIMIZATION_LEVEL = "-Onone";
				TARGETED_DEVICE_FAMILY = "1,2";
			};
			name = Debug;
		};
		A81EA7551CA5DA31002949CE /* Release */ = {
			isa = XCBuildConfiguration;
			buildSettings = {
				ALWAYS_SEARCH_USER_PATHS = NO;
				CLANG_ANALYZER_NONNULL = YES;
				CLANG_CXX_LANGUAGE_STANDARD = "gnu++0x";
				CLANG_CXX_LIBRARY = "libc++";
				CLANG_ENABLE_MODULES = YES;
				CLANG_ENABLE_OBJC_ARC = YES;
				CLANG_WARN_BLOCK_CAPTURE_AUTORELEASING = YES;
				CLANG_WARN_BOOL_CONVERSION = YES;
				CLANG_WARN_COMMA = YES;
				CLANG_WARN_CONSTANT_CONVERSION = YES;
				CLANG_WARN_DEPRECATED_OBJC_IMPLEMENTATIONS = YES;
				CLANG_WARN_DIRECT_OBJC_ISA_USAGE = YES_ERROR;
				CLANG_WARN_EMPTY_BODY = YES;
				CLANG_WARN_ENUM_CONVERSION = YES;
				CLANG_WARN_INFINITE_RECURSION = YES;
				CLANG_WARN_INT_CONVERSION = YES;
				CLANG_WARN_NON_LITERAL_NULL_CONVERSION = YES;
				CLANG_WARN_OBJC_IMPLICIT_RETAIN_SELF = YES;
				CLANG_WARN_OBJC_LITERAL_CONVERSION = YES;
				CLANG_WARN_OBJC_ROOT_CLASS = YES_ERROR;
				CLANG_WARN_RANGE_LOOP_ANALYSIS = YES;
				CLANG_WARN_STRICT_PROTOTYPES = YES;
				CLANG_WARN_SUSPICIOUS_MOVE = YES;
				CLANG_WARN_UNREACHABLE_CODE = YES;
				CLANG_WARN__DUPLICATE_METHOD_MATCH = YES;
				"CODE_SIGN_IDENTITY[sdk=iphoneos*]" = "iPhone Developer";
				COPY_PHASE_STRIP = NO;
				DEBUG_INFORMATION_FORMAT = "dwarf-with-dsym";
				ENABLE_NS_ASSERTIONS = NO;
				ENABLE_STRICT_OBJC_MSGSEND = YES;
				GCC_C_LANGUAGE_STANDARD = gnu99;
				GCC_NO_COMMON_BLOCKS = YES;
				GCC_WARN_64_TO_32_BIT_CONVERSION = YES;
				GCC_WARN_ABOUT_RETURN_TYPE = YES_ERROR;
				GCC_WARN_UNDECLARED_SELECTOR = YES;
				GCC_WARN_UNINITIALIZED_AUTOS = YES_AGGRESSIVE;
				GCC_WARN_UNUSED_FUNCTION = YES;
				GCC_WARN_UNUSED_VARIABLE = YES;
				IPHONEOS_DEPLOYMENT_TARGET = 11.0;
				MTL_ENABLE_DEBUG_INFO = NO;
				SDKROOT = iphoneos;
				SWIFT_COMPILATION_MODE = wholemodule;
				TARGETED_DEVICE_FAMILY = "1,2";
				VALIDATE_PRODUCT = YES;
			};
			name = Release;
		};
		A81EA7571CA5DA31002949CE /* Debug */ = {
			isa = XCBuildConfiguration;
			buildSettings = {
				ASSETCATALOG_COMPILER_APPICON_NAME = AppIcon;
				CODE_SIGN_IDENTITY = "iPhone Developer";
				INFOPLIST_FILE = BikeFindr/Info.plist;
				LD_RUNPATH_SEARCH_PATHS = "$(inherited) @executable_path/Frameworks";
				PRODUCT_BUNDLE_IDENTIFIER = com.deuschle.BikeFindr;
				PRODUCT_NAME = "$(TARGET_NAME)";
				SWIFT_VERSION = 4.2;
			};
			name = Debug;
		};
		A81EA7581CA5DA31002949CE /* Release */ = {
			isa = XCBuildConfiguration;
			buildSettings = {
				ASSETCATALOG_COMPILER_APPICON_NAME = AppIcon;
				CODE_SIGN_IDENTITY = "iPhone Developer";
				INFOPLIST_FILE = BikeFindr/Info.plist;
				LD_RUNPATH_SEARCH_PATHS = "$(inherited) @executable_path/Frameworks";
				PRODUCT_BUNDLE_IDENTIFIER = com.deuschle.BikeFindr;
				PRODUCT_NAME = "$(TARGET_NAME)";
				SWIFT_VERSION = 4.2;
			};
			name = Release;
		};
/* End XCBuildConfiguration section */

/* Begin XCConfigurationList section */
		A81EA73D1CA5DA31002949CE /* Build configuration list for PBXProject "BikeFindr" */ = {
			isa = XCConfigurationList;
			buildConfigurations = (
				A81EA7541CA5DA31002949CE /* Debug */,
				A81EA7551CA5DA31002949CE /* Release */,
			);
			defaultConfigurationIsVisible = 0;
			defaultConfigurationName = Release;
		};
		A81EA7561CA5DA31002949CE /* Build configuration list for PBXNativeTarget "BikeFindr" */ = {
			isa = XCConfigurationList;
			buildConfigurations = (
				A81EA7571CA5DA31002949CE /* Debug */,
				A81EA7581CA5DA31002949CE /* Release */,
			);
			defaultConfigurationIsVisible = 0;
			defaultConfigurationName = Release;
		};
/* End XCConfigurationList section */
	};
	rootObject = A81EA73A1CA5DA31002949CE /* Project object */;
}
